# This file was autogenerated by Stack.
# You should not edit this file by hand.
# For more information, please see the documentation at:
#   https://docs.haskellstack.org/en/stable/lock_files

packages: []
snapshots:
- completed:
    size: 563098
    url: https://raw.githubusercontent.com/commercialhaskell/stackage-snapshots/master/nightly/2021/1/20.yaml
    sha256: 97841a28b47a29e798aefda350785c31823f64f31c43ba057fc6c707dfb7ead3
  original: nightly-2021-01-20
